
Microsoft Visual Studio Solution File, Format Version 12.00
# Visual Studio Version 16
VisualStudioVersion = 16.0.31005.135
MinimumVisualStudioVersion = 10.0.40219.1
Project("{D954291E-2A0B-460D-934E-DC6B0785DB48}") = "App14.Shared", "App14.Shared\App14.Shared.shproj", "{6279C845-92F8-4333-AB99-3D213163593C}"
EndProject
Project("{2150E333-8FDC-42A3-9474-1A3956D46DE8}") = "Platforms", "Platforms", "{1232DF6A-8FA8-4E22-A911-33F6B8A2F9B4}"
EndProject
Project("{FAE04EC0-301F-11D3-BF4B-00C04F79EFBC}") = "App14.Droid", "App14.Droid\App14.Droid.csproj", "{393B72D2-F5AA-4FEB-AF97-8DE6AD82917F}"
EndProject
Project("{FAE04EC0-301F-11D3-BF4B-00C04F79EFBC}") = "App14.iOS", "App14.iOS\App14.iOS.csproj", "{9B25750C-E5BD-44D0-82B0-F859FBFA0309}"
EndProject
Project("{FAE04EC0-301F-11D3-BF4B-00C04F79EFBC}") = "App14.UWP", "App14.UWP\App14.UWP.csproj", "{394F6496-3AE3-44EB-96F5-6C4651794946}"
EndProject
Project("{FAE04EC0-301F-11D3-BF4B-00C04F79EFBC}") = "App14.Wasm", "App14.Wasm\App14.Wasm.csproj", "{2616C596-4868-4ED0-8214-6AF4B5D28579}"
EndProject
Project("{FAE04EC0-301F-11D3-BF4B-00C04F79EFBC}") = "App14.macOS", "App14.macOS\App14.macOS.csproj", "{8D8884A8-630B-44D4-B7E0-2F3E929C2269}"
EndProject
Project("{FAE04EC0-301F-11D3-BF4B-00C04F79EFBC}") = "App14.Skia.Wpf.Host", "App14.Skia.Wpf.Host\App14.Skia.Wpf.Host.csproj", "{C603A5CB-F077-448B-9DC4-047CA40C6838}"
EndProject
Project("{FAE04EC0-301F-11D3-BF4B-00C04F79EFBC}") = "App14.Skia.Wpf", "App14.Skia.Wpf\App14.Skia.Wpf.csproj", "{7ABDAC55-7991-456D-BA4C-3217F8A876AE}"
EndProject
Project("{FAE04EC0-301F-11D3-BF4B-00C04F79EFBC}") = "App14.Skia.Gtk", "App14.Skia.Gtk\App14.Skia.Gtk.csproj", "{AB39D537-4F80-4AA1-A47E-5ECAEFFF263A}"
EndProject
Project("{FAE04EC0-301F-11D3-BF4B-00C04F79EFBC}") = "App14.Skia.Tizen", "App14.Skia.Tizen\App14.Skia.Tizen.csproj", "{844530A1-775A-4EFD-B88D-F661027AB740}"
EndProject
Global
	GlobalSection(SharedMSBuildProjectFiles) = preSolution
		App14.Shared\App14.Shared.projitems*{2616c596-4868-4ed0-8214-6af4b5d28579}*SharedItemsImports = 5
		App14.Shared\App14.Shared.projitems*{393b72d2-f5aa-4feb-af97-8de6ad82917f}*SharedItemsImports = 4
		App14.Shared\App14.Shared.projitems*{394f6496-3ae3-44eb-96f5-6c4651794946}*SharedItemsImports = 4
		App14.Shared\App14.Shared.projitems*{6279c845-92f8-4333-ab99-3d213163593c}*SharedItemsImports = 13
		App14.Shared\App14.Shared.projitems*{7abdac55-7991-456d-ba4c-3217f8a876ae}*SharedItemsImports = 5
		App14.Shared\App14.Shared.projitems*{844530a1-775a-4efd-b88d-f661027ab740}*SharedItemsImports = 5
		App14.Shared\App14.Shared.projitems*{8d8884a8-630b-44d4-b7e0-2f3e929c2269}*SharedItemsImports = 4
		App14.Shared\App14.Shared.projitems*{9b25750c-e5bd-44d0-82b0-f859fbfa0309}*SharedItemsImports = 4
		App14.Shared\App14.Shared.projitems*{ab39d537-4f80-4aa1-a47e-5ecaefff263a}*SharedItemsImports = 5
	EndGlobalSection
	GlobalSection(SolutionConfigurationPlatforms) = preSolution
		Ad-Hoc|Any CPU = Ad-Hoc|Any CPU
		Ad-Hoc|ARM = Ad-Hoc|ARM
		Ad-Hoc|ARM64 = Ad-Hoc|ARM64
		Ad-Hoc|iPhone = Ad-Hoc|iPhone
		Ad-Hoc|iPhoneSimulator = Ad-Hoc|iPhoneSimulator
		Ad-Hoc|x64 = Ad-Hoc|x64
		Ad-Hoc|x86 = Ad-Hoc|x86
		AppStore|Any CPU = AppStore|Any CPU
		AppStore|ARM = AppStore|ARM
		AppStore|ARM64 = AppStore|ARM64
		AppStore|iPhone = AppStore|iPhone
		AppStore|iPhoneSimulator = AppStore|iPhoneSimulator
		AppStore|x64 = AppStore|x64
		AppStore|x86 = AppStore|x86
		Debug|Any CPU = Debug|Any CPU
		Debug|ARM = Debug|ARM
		Debug|ARM64 = Debug|ARM64
		Debug|iPhone = Debug|iPhone
		Debug|iPhoneSimulator = Debug|iPhoneSimulator
		Debug|x64 = Debug|x64
		Debug|x86 = Debug|x86
		Release|Any CPU = Release|Any CPU
		Release|ARM = Release|ARM
		Release|ARM64 = Release|ARM64
		Release|iPhone = Release|iPhone
		Release|iPhoneSimulator = Release|iPhoneSimulator
		Release|x64 = Release|x64
		Release|x86 = Release|x86
	EndGlobalSection
	GlobalSection(ProjectConfigurationPlatforms) = postSolution
		{393B72D2-F5AA-4FEB-AF97-8DE6AD82917F}.Ad-Hoc|Any CPU.ActiveCfg = Debug|Any CPU
		{393B72D2-F5AA-4FEB-AF97-8DE6AD82917F}.Ad-Hoc|Any CPU.Build.0 = Debug|Any CPU
		{393B72D2-F5AA-4FEB-AF97-8DE6AD82917F}.Ad-Hoc|Any CPU.Deploy.0 = Debug|Any CPU
		{393B72D2-F5AA-4FEB-AF97-8DE6AD82917F}.Ad-Hoc|ARM.ActiveCfg = Debug|Any CPU
		{393B72D2-F5AA-4FEB-AF97-8DE6AD82917F}.Ad-Hoc|ARM.Build.0 = Debug|Any CPU
		{393B72D2-F5AA-4FEB-AF97-8DE6AD82917F}.Ad-Hoc|ARM.Deploy.0 = Debug|Any CPU
		{393B72D2-F5AA-4FEB-AF97-8DE6AD82917F}.Ad-Hoc|ARM64.ActiveCfg = Debug|Any CPU
		{393B72D2-F5AA-4FEB-AF97-8DE6AD82917F}.Ad-Hoc|ARM64.Build.0 = Debug|Any CPU
		{393B72D2-F5AA-4FEB-AF97-8DE6AD82917F}.Ad-Hoc|ARM64.Deploy.0 = Debug|Any CPU
		{393B72D2-F5AA-4FEB-AF97-8DE6AD82917F}.Ad-Hoc|iPhone.ActiveCfg = Debug|Any CPU
		{393B72D2-F5AA-4FEB-AF97-8DE6AD82917F}.Ad-Hoc|iPhone.Build.0 = Debug|Any CPU
		{393B72D2-F5AA-4FEB-AF97-8DE6AD82917F}.Ad-Hoc|iPhone.Deploy.0 = Debug|Any CPU
		{393B72D2-F5AA-4FEB-AF97-8DE6AD82917F}.Ad-Hoc|iPhoneSimulator.ActiveCfg = Debug|Any CPU
		{393B72D2-F5AA-4FEB-AF97-8DE6AD82917F}.Ad-Hoc|iPhoneSimulator.Build.0 = Debug|Any CPU
		{393B72D2-F5AA-4FEB-AF97-8DE6AD82917F}.Ad-Hoc|iPhoneSimulator.Deploy.0 = Debug|Any CPU
		{393B72D2-F5AA-4FEB-AF97-8DE6AD82917F}.Ad-Hoc|x64.ActiveCfg = Debug|Any CPU
		{393B72D2-F5AA-4FEB-AF97-8DE6AD82917F}.Ad-Hoc|x64.Build.0 = Debug|Any CPU
		{393B72D2-F5AA-4FEB-AF97-8DE6AD82917F}.Ad-Hoc|x64.Deploy.0 = Debug|Any CPU
		{393B72D2-F5AA-4FEB-AF97-8DE6AD82917F}.Ad-Hoc|x86.ActiveCfg = Debug|Any CPU
		{393B72D2-F5AA-4FEB-AF97-8DE6AD82917F}.Ad-Hoc|x86.Build.0 = Debug|Any CPU
		{393B72D2-F5AA-4FEB-AF97-8DE6AD82917F}.Ad-Hoc|x86.Deploy.0 = Debug|Any CPU
		{393B72D2-F5AA-4FEB-AF97-8DE6AD82917F}.AppStore|Any CPU.ActiveCfg = Debug|Any CPU
		{393B72D2-F5AA-4FEB-AF97-8DE6AD82917F}.AppStore|Any CPU.Build.0 = Debug|Any CPU
		{393B72D2-F5AA-4FEB-AF97-8DE6AD82917F}.AppStore|Any CPU.Deploy.0 = Debug|Any CPU
		{393B72D2-F5AA-4FEB-AF97-8DE6AD82917F}.AppStore|ARM.ActiveCfg = Debug|Any CPU
		{393B72D2-F5AA-4FEB-AF97-8DE6AD82917F}.AppStore|ARM.Build.0 = Debug|Any CPU
		{393B72D2-F5AA-4FEB-AF97-8DE6AD82917F}.AppStore|ARM.Deploy.0 = Debug|Any CPU
		{393B72D2-F5AA-4FEB-AF97-8DE6AD82917F}.AppStore|ARM64.ActiveCfg = Debug|Any CPU
		{393B72D2-F5AA-4FEB-AF97-8DE6AD82917F}.AppStore|ARM64.Build.0 = Debug|Any CPU
		{393B72D2-F5AA-4FEB-AF97-8DE6AD82917F}.AppStore|ARM64.Deploy.0 = Debug|Any CPU
		{393B72D2-F5AA-4FEB-AF97-8DE6AD82917F}.AppStore|iPhone.ActiveCfg = Debug|Any CPU
		{393B72D2-F5AA-4FEB-AF97-8DE6AD82917F}.AppStore|iPhone.Build.0 = Debug|Any CPU
		{393B72D2-F5AA-4FEB-AF97-8DE6AD82917F}.AppStore|iPhone.Deploy.0 = Debug|Any CPU
		{393B72D2-F5AA-4FEB-AF97-8DE6AD82917F}.AppStore|iPhoneSimulator.ActiveCfg = Debug|Any CPU
		{393B72D2-F5AA-4FEB-AF97-8DE6AD82917F}.AppStore|iPhoneSimulator.Build.0 = Debug|Any CPU
		{393B72D2-F5AA-4FEB-AF97-8DE6AD82917F}.AppStore|iPhoneSimulator.Deploy.0 = Debug|Any CPU
		{393B72D2-F5AA-4FEB-AF97-8DE6AD82917F}.AppStore|x64.ActiveCfg = Debug|Any CPU
		{393B72D2-F5AA-4FEB-AF97-8DE6AD82917F}.AppStore|x64.Build.0 = Debug|Any CPU
		{393B72D2-F5AA-4FEB-AF97-8DE6AD82917F}.AppStore|x64.Deploy.0 = Debug|Any CPU
		{393B72D2-F5AA-4FEB-AF97-8DE6AD82917F}.AppStore|x86.ActiveCfg = Debug|Any CPU
		{393B72D2-F5AA-4FEB-AF97-8DE6AD82917F}.AppStore|x86.Build.0 = Debug|Any CPU
		{393B72D2-F5AA-4FEB-AF97-8DE6AD82917F}.AppStore|x86.Deploy.0 = Debug|Any CPU
		{393B72D2-F5AA-4FEB-AF97-8DE6AD82917F}.Debug|Any CPU.ActiveCfg = Debug|Any CPU
		{393B72D2-F5AA-4FEB-AF97-8DE6AD82917F}.Debug|Any CPU.Build.0 = Debug|Any CPU
		{393B72D2-F5AA-4FEB-AF97-8DE6AD82917F}.Debug|Any CPU.Deploy.0 = Debug|Any CPU
		{393B72D2-F5AA-4FEB-AF97-8DE6AD82917F}.Debug|ARM.ActiveCfg = Debug|Any CPU
		{393B72D2-F5AA-4FEB-AF97-8DE6AD82917F}.Debug|ARM.Build.0 = Debug|Any CPU
		{393B72D2-F5AA-4FEB-AF97-8DE6AD82917F}.Debug|ARM.Deploy.0 = Debug|Any CPU
		{393B72D2-F5AA-4FEB-AF97-8DE6AD82917F}.Debug|ARM64.ActiveCfg = Debug|Any CPU
		{393B72D2-F5AA-4FEB-AF97-8DE6AD82917F}.Debug|ARM64.Build.0 = Debug|Any CPU
		{393B72D2-F5AA-4FEB-AF97-8DE6AD82917F}.Debug|ARM64.Deploy.0 = Debug|Any CPU
		{393B72D2-F5AA-4FEB-AF97-8DE6AD82917F}.Debug|iPhone.ActiveCfg = Debug|Any CPU
		{393B72D2-F5AA-4FEB-AF97-8DE6AD82917F}.Debug|iPhone.Build.0 = Debug|Any CPU
		{393B72D2-F5AA-4FEB-AF97-8DE6AD82917F}.Debug|iPhone.Deploy.0 = Debug|Any CPU
		{393B72D2-F5AA-4FEB-AF97-8DE6AD82917F}.Debug|iPhoneSimulator.ActiveCfg = Debug|Any CPU
		{393B72D2-F5AA-4FEB-AF97-8DE6AD82917F}.Debug|iPhoneSimulator.Build.0 = Debug|Any CPU
		{393B72D2-F5AA-4FEB-AF97-8DE6AD82917F}.Debug|iPhoneSimulator.Deploy.0 = Debug|Any CPU
		{393B72D2-F5AA-4FEB-AF97-8DE6AD82917F}.Debug|x64.ActiveCfg = Debug|Any CPU
		{393B72D2-F5AA-4FEB-AF97-8DE6AD82917F}.Debug|x64.Build.0 = Debug|Any CPU
		{393B72D2-F5AA-4FEB-AF97-8DE6AD82917F}.Debug|x64.Deploy.0 = Debug|Any CPU
		{393B72D2-F5AA-4FEB-AF97-8DE6AD82917F}.Debug|x86.ActiveCfg = Debug|Any CPU
		{393B72D2-F5AA-4FEB-AF97-8DE6AD82917F}.Debug|x86.Build.0 = Debug|Any CPU
		{393B72D2-F5AA-4FEB-AF97-8DE6AD82917F}.Debug|x86.Deploy.0 = Debug|Any CPU
		{393B72D2-F5AA-4FEB-AF97-8DE6AD82917F}.Release|Any CPU.ActiveCfg = Release|Any CPU
		{393B72D2-F5AA-4FEB-AF97-8DE6AD82917F}.Release|Any CPU.Build.0 = Release|Any CPU
		{393B72D2-F5AA-4FEB-AF97-8DE6AD82917F}.Release|Any CPU.Deploy.0 = Release|Any CPU
		{393B72D2-F5AA-4FEB-AF97-8DE6AD82917F}.Release|ARM.ActiveCfg = Release|Any CPU
		{393B72D2-F5AA-4FEB-AF97-8DE6AD82917F}.Release|ARM.Build.0 = Release|Any CPU
		{393B72D2-F5AA-4FEB-AF97-8DE6AD82917F}.Release|ARM.Deploy.0 = Release|Any CPU
		{393B72D2-F5AA-4FEB-AF97-8DE6AD82917F}.Release|ARM64.ActiveCfg = Release|Any CPU
		{393B72D2-F5AA-4FEB-AF97-8DE6AD82917F}.Release|ARM64.Build.0 = Release|Any CPU
		{393B72D2-F5AA-4FEB-AF97-8DE6AD82917F}.Release|ARM64.Deploy.0 = Release|Any CPU
		{393B72D2-F5AA-4FEB-AF97-8DE6AD82917F}.Release|iPhone.ActiveCfg = Release|Any CPU
		{393B72D2-F5AA-4FEB-AF97-8DE6AD82917F}.Release|iPhone.Build.0 = Release|Any CPU
		{393B72D2-F5AA-4FEB-AF97-8DE6AD82917F}.Release|iPhone.Deploy.0 = Release|Any CPU
		{393B72D2-F5AA-4FEB-AF97-8DE6AD82917F}.Release|iPhoneSimulator.ActiveCfg = Release|Any CPU
		{393B72D2-F5AA-4FEB-AF97-8DE6AD82917F}.Release|iPhoneSimulator.Build.0 = Release|Any CPU
		{393B72D2-F5AA-4FEB-AF97-8DE6AD82917F}.Release|iPhoneSimulator.Deploy.0 = Release|Any CPU
		{393B72D2-F5AA-4FEB-AF97-8DE6AD82917F}.Release|x64.ActiveCfg = Release|Any CPU
		{393B72D2-F5AA-4FEB-AF97-8DE6AD82917F}.Release|x64.Build.0 = Release|Any CPU
		{393B72D2-F5AA-4FEB-AF97-8DE6AD82917F}.Release|x64.Deploy.0 = Release|Any CPU
		{393B72D2-F5AA-4FEB-AF97-8DE6AD82917F}.Release|x86.ActiveCfg = Release|Any CPU
		{393B72D2-F5AA-4FEB-AF97-8DE6AD82917F}.Release|x86.Build.0 = Release|Any CPU
		{393B72D2-F5AA-4FEB-AF97-8DE6AD82917F}.Release|x86.Deploy.0 = Release|Any CPU
		{9B25750C-E5BD-44D0-82B0-F859FBFA0309}.Ad-Hoc|Any CPU.ActiveCfg = Ad-Hoc|iPhoneSimulator
		{9B25750C-E5BD-44D0-82B0-F859FBFA0309}.Ad-Hoc|ARM.ActiveCfg = Ad-Hoc|iPhoneSimulator
		{9B25750C-E5BD-44D0-82B0-F859FBFA0309}.Ad-Hoc|ARM64.ActiveCfg = Ad-Hoc|iPhoneSimulator
		{9B25750C-E5BD-44D0-82B0-F859FBFA0309}.Ad-Hoc|iPhone.ActiveCfg = Ad-Hoc|iPhone
		{9B25750C-E5BD-44D0-82B0-F859FBFA0309}.Ad-Hoc|iPhone.Build.0 = Ad-Hoc|iPhone
		{9B25750C-E5BD-44D0-82B0-F859FBFA0309}.Ad-Hoc|iPhoneSimulator.ActiveCfg = Ad-Hoc|iPhoneSimulator
		{9B25750C-E5BD-44D0-82B0-F859FBFA0309}.Ad-Hoc|iPhoneSimulator.Build.0 = Ad-Hoc|iPhoneSimulator
		{9B25750C-E5BD-44D0-82B0-F859FBFA0309}.Ad-Hoc|x64.ActiveCfg = Ad-Hoc|iPhoneSimulator
		{9B25750C-E5BD-44D0-82B0-F859FBFA0309}.Ad-Hoc|x86.ActiveCfg = Ad-Hoc|iPhoneSimulator
		{9B25750C-E5BD-44D0-82B0-F859FBFA0309}.AppStore|Any CPU.ActiveCfg = AppStore|iPhoneSimulator
		{9B25750C-E5BD-44D0-82B0-F859FBFA0309}.AppStore|ARM.ActiveCfg = AppStore|iPhoneSimulator
		{9B25750C-E5BD-44D0-82B0-F859FBFA0309}.AppStore|ARM64.ActiveCfg = AppStore|iPhoneSimulator
		{9B25750C-E5BD-44D0-82B0-F859FBFA0309}.AppStore|iPhone.ActiveCfg = AppStore|iPhone
		{9B25750C-E5BD-44D0-82B0-F859FBFA0309}.AppStore|iPhone.Build.0 = AppStore|iPhone
		{9B25750C-E5BD-44D0-82B0-F859FBFA0309}.AppStore|iPhoneSimulator.ActiveCfg = AppStore|iPhoneSimulator
		{9B25750C-E5BD-44D0-82B0-F859FBFA0309}.AppStore|iPhoneSimulator.Build.0 = AppStore|iPhoneSimulator
		{9B25750C-E5BD-44D0-82B0-F859FBFA0309}.AppStore|x64.ActiveCfg = AppStore|iPhoneSimulator
		{9B25750C-E5BD-44D0-82B0-F859FBFA0309}.AppStore|x86.ActiveCfg = AppStore|iPhoneSimulator
		{9B25750C-E5BD-44D0-82B0-F859FBFA0309}.Debug|Any CPU.ActiveCfg = Debug|iPhoneSimulator
		{9B25750C-E5BD-44D0-82B0-F859FBFA0309}.Debug|ARM.ActiveCfg = Debug|iPhoneSimulator
		{9B25750C-E5BD-44D0-82B0-F859FBFA0309}.Debug|ARM64.ActiveCfg = Debug|iPhoneSimulator
		{9B25750C-E5BD-44D0-82B0-F859FBFA0309}.Debug|iPhone.ActiveCfg = Debug|iPhone
		{9B25750C-E5BD-44D0-82B0-F859FBFA0309}.Debug|iPhone.Build.0 = Debug|iPhone
		{9B25750C-E5BD-44D0-82B0-F859FBFA0309}.Debug|iPhoneSimulator.ActiveCfg = Debug|iPhoneSimulator
		{9B25750C-E5BD-44D0-82B0-F859FBFA0309}.Debug|iPhoneSimulator.Build.0 = Debug|iPhoneSimulator
		{9B25750C-E5BD-44D0-82B0-F859FBFA0309}.Debug|x64.ActiveCfg = Debug|iPhoneSimulator
		{9B25750C-E5BD-44D0-82B0-F859FBFA0309}.Debug|x86.ActiveCfg = Debug|iPhoneSimulator
		{9B25750C-E5BD-44D0-82B0-F859FBFA0309}.Release|Any CPU.ActiveCfg = Release|iPhoneSimulator
		{9B25750C-E5BD-44D0-82B0-F859FBFA0309}.Release|ARM.ActiveCfg = Release|iPhoneSimulator
		{9B25750C-E5BD-44D0-82B0-F859FBFA0309}.Release|ARM64.ActiveCfg = Release|iPhoneSimulator
		{9B25750C-E5BD-44D0-82B0-F859FBFA0309}.Release|iPhone.ActiveCfg = Release|iPhone
		{9B25750C-E5BD-44D0-82B0-F859FBFA0309}.Release|iPhone.Build.0 = Release|iPhone
		{9B25750C-E5BD-44D0-82B0-F859FBFA0309}.Release|iPhoneSimulator.ActiveCfg = Release|iPhoneSimulator
		{9B25750C-E5BD-44D0-82B0-F859FBFA0309}.Release|iPhoneSimulator.Build.0 = Release|iPhoneSimulator
		{9B25750C-E5BD-44D0-82B0-F859FBFA0309}.Release|x64.ActiveCfg = Release|iPhoneSimulator
		{9B25750C-E5BD-44D0-82B0-F859FBFA0309}.Release|x86.ActiveCfg = Release|iPhoneSimulator
		{394F6496-3AE3-44EB-96F5-6C4651794946}.Ad-Hoc|Any CPU.ActiveCfg = Debug|x86
		{394F6496-3AE3-44EB-96F5-6C4651794946}.Ad-Hoc|Any CPU.Build.0 = Debug|x86
		{394F6496-3AE3-44EB-96F5-6C4651794946}.Ad-Hoc|Any CPU.Deploy.0 = Debug|x86
		{394F6496-3AE3-44EB-96F5-6C4651794946}.Ad-Hoc|ARM.ActiveCfg = Debug|ARM
		{394F6496-3AE3-44EB-96F5-6C4651794946}.Ad-Hoc|ARM.Build.0 = Debug|ARM
		{394F6496-3AE3-44EB-96F5-6C4651794946}.Ad-Hoc|ARM.Deploy.0 = Debug|ARM
		{394F6496-3AE3-44EB-96F5-6C4651794946}.Ad-Hoc|ARM64.ActiveCfg = Debug|ARM64
		{394F6496-3AE3-44EB-96F5-6C4651794946}.Ad-Hoc|ARM64.Build.0 = Debug|ARM64
		{394F6496-3AE3-44EB-96F5-6C4651794946}.Ad-Hoc|ARM64.Deploy.0 = Debug|ARM64
		{394F6496-3AE3-44EB-96F5-6C4651794946}.Ad-Hoc|iPhone.ActiveCfg = Debug|x86
		{394F6496-3AE3-44EB-96F5-6C4651794946}.Ad-Hoc|iPhone.Build.0 = Debug|x86
		{394F6496-3AE3-44EB-96F5-6C4651794946}.Ad-Hoc|iPhone.Deploy.0 = Debug|x86
		{394F6496-3AE3-44EB-96F5-6C4651794946}.Ad-Hoc|iPhoneSimulator.ActiveCfg = Debug|x86
		{394F6496-3AE3-44EB-96F5-6C4651794946}.Ad-Hoc|iPhoneSimulator.Build.0 = Debug|x86
		{394F6496-3AE3-44EB-96F5-6C4651794946}.Ad-Hoc|iPhoneSimulator.Deploy.0 = Debug|x86
		{394F6496-3AE3-44EB-96F5-6C4651794946}.Ad-Hoc|x64.ActiveCfg = Debug|x64
		{394F6496-3AE3-44EB-96F5-6C4651794946}.Ad-Hoc|x64.Build.0 = Debug|x64
		{394F6496-3AE3-44EB-96F5-6C4651794946}.Ad-Hoc|x64.Deploy.0 = Debug|x64
		{394F6496-3AE3-44EB-96F5-6C4651794946}.Ad-Hoc|x86.ActiveCfg = Debug|x86
		{394F6496-3AE3-44EB-96F5-6C4651794946}.Ad-Hoc|x86.Build.0 = Debug|x86
		{394F6496-3AE3-44EB-96F5-6C4651794946}.Ad-Hoc|x86.Deploy.0 = Debug|x86
		{394F6496-3AE3-44EB-96F5-6C4651794946}.AppStore|Any CPU.ActiveCfg = Debug|x86
		{394F6496-3AE3-44EB-96F5-6C4651794946}.AppStore|Any CPU.Build.0 = Debug|x86
		{394F6496-3AE3-44EB-96F5-6C4651794946}.AppStore|Any CPU.Deploy.0 = Debug|x86
		{394F6496-3AE3-44EB-96F5-6C4651794946}.AppStore|ARM.ActiveCfg = Debug|ARM
		{394F6496-3AE3-44EB-96F5-6C4651794946}.AppStore|ARM.Build.0 = Debug|ARM
		{394F6496-3AE3-44EB-96F5-6C4651794946}.AppStore|ARM.Deploy.0 = Debug|ARM
		{394F6496-3AE3-44EB-96F5-6C4651794946}.AppStore|ARM64.ActiveCfg = Debug|ARM64
		{394F6496-3AE3-44EB-96F5-6C4651794946}.AppStore|ARM64.Build.0 = Debug|ARM64
		{394F6496-3AE3-44EB-96F5-6C4651794946}.AppStore|ARM64.Deploy.0 = Debug|ARM64
		{394F6496-3AE3-44EB-96F5-6C4651794946}.AppStore|iPhone.ActiveCfg = Debug|x86
		{394F6496-3AE3-44EB-96F5-6C4651794946}.AppStore|iPhone.Build.0 = Debug|x86
		{394F6496-3AE3-44EB-96F5-6C4651794946}.AppStore|iPhone.Deploy.0 = Debug|x86
		{394F6496-3AE3-44EB-96F5-6C4651794946}.AppStore|iPhoneSimulator.ActiveCfg = Debug|x86
		{394F6496-3AE3-44EB-96F5-6C4651794946}.AppStore|iPhoneSimulator.Build.0 = Debug|x86
		{394F6496-3AE3-44EB-96F5-6C4651794946}.AppStore|iPhoneSimulator.Deploy.0 = Debug|x86
		{394F6496-3AE3-44EB-96F5-6C4651794946}.AppStore|x64.ActiveCfg = Debug|x64
		{394F6496-3AE3-44EB-96F5-6C4651794946}.AppStore|x64.Build.0 = Debug|x64
		{394F6496-3AE3-44EB-96F5-6C4651794946}.AppStore|x64.Deploy.0 = Debug|x64
		{394F6496-3AE3-44EB-96F5-6C4651794946}.AppStore|x86.ActiveCfg = Debug|x86
		{394F6496-3AE3-44EB-96F5-6C4651794946}.AppStore|x86.Build.0 = Debug|x86
		{394F6496-3AE3-44EB-96F5-6C4651794946}.AppStore|x86.Deploy.0 = Debug|x86
		{394F6496-3AE3-44EB-96F5-6C4651794946}.Debug|Any CPU.ActiveCfg = Debug|x86
		{394F6496-3AE3-44EB-96F5-6C4651794946}.Debug|Any CPU.Build.0 = Debug|x86
		{394F6496-3AE3-44EB-96F5-6C4651794946}.Debug|Any CPU.Deploy.0 = Debug|x86
		{394F6496-3AE3-44EB-96F5-6C4651794946}.Debug|ARM.ActiveCfg = Debug|ARM
		{394F6496-3AE3-44EB-96F5-6C4651794946}.Debug|ARM.Build.0 = Debug|ARM
		{394F6496-3AE3-44EB-96F5-6C4651794946}.Debug|ARM.Deploy.0 = Debug|ARM
		{394F6496-3AE3-44EB-96F5-6C4651794946}.Debug|ARM64.ActiveCfg = Debug|ARM64
		{394F6496-3AE3-44EB-96F5-6C4651794946}.Debug|ARM64.Build.0 = Debug|ARM64
		{394F6496-3AE3-44EB-96F5-6C4651794946}.Debug|ARM64.Deploy.0 = Debug|ARM64
		{394F6496-3AE3-44EB-96F5-6C4651794946}.Debug|iPhone.ActiveCfg = Debug|x86
		{394F6496-3AE3-44EB-96F5-6C4651794946}.Debug|iPhoneSimulator.ActiveCfg = Debug|x86
		{394F6496-3AE3-44EB-96F5-6C4651794946}.Debug|x64.ActiveCfg = Debug|x64
		{394F6496-3AE3-44EB-96F5-6C4651794946}.Debug|x64.Build.0 = Debug|x64
		{394F6496-3AE3-44EB-96F5-6C4651794946}.Debug|x64.Deploy.0 = Debug|x64
		{394F6496-3AE3-44EB-96F5-6C4651794946}.Debug|x86.ActiveCfg = Debug|x86
		{394F6496-3AE3-44EB-96F5-6C4651794946}.Debug|x86.Build.0 = Debug|x86
		{394F6496-3AE3-44EB-96F5-6C4651794946}.Debug|x86.Deploy.0 = Debug|x86
		{394F6496-3AE3-44EB-96F5-6C4651794946}.Release|Any CPU.ActiveCfg = Release|x86
		{394F6496-3AE3-44EB-96F5-6C4651794946}.Release|ARM.ActiveCfg = Release|ARM
		{394F6496-3AE3-44EB-96F5-6C4651794946}.Release|ARM.Build.0 = Release|ARM
		{394F6496-3AE3-44EB-96F5-6C4651794946}.Release|ARM.Deploy.0 = Release|ARM
		{394F6496-3AE3-44EB-96F5-6C4651794946}.Release|ARM64.ActiveCfg = Release|ARM64
		{394F6496-3AE3-44EB-96F5-6C4651794946}.Release|ARM64.Build.0 = Release|ARM64
		{394F6496-3AE3-44EB-96F5-6C4651794946}.Release|ARM64.Deploy.0 = Release|ARM64
		{394F6496-3AE3-44EB-96F5-6C4651794946}.Release|iPhone.ActiveCfg = Release|x86
		{394F6496-3AE3-44EB-96F5-6C4651794946}.Release|iPhoneSimulator.ActiveCfg = Release|x86
		{394F6496-3AE3-44EB-96F5-6C4651794946}.Release|x64.ActiveCfg = Release|x64
		{394F6496-3AE3-44EB-96F5-6C4651794946}.Release|x64.Build.0 = Release|x64
		{394F6496-3AE3-44EB-96F5-6C4651794946}.Release|x64.Deploy.0 = Release|x64
		{394F6496-3AE3-44EB-96F5-6C4651794946}.Release|x86.ActiveCfg = Release|x86
		{394F6496-3AE3-44EB-96F5-6C4651794946}.Release|x86.Build.0 = Release|x86
		{394F6496-3AE3-44EB-96F5-6C4651794946}.Release|x86.Deploy.0 = Release|x86
		{2616C596-4868-4ED0-8214-6AF4B5D28579}.Ad-Hoc|Any CPU.ActiveCfg = Debug|Any CPU
		{2616C596-4868-4ED0-8214-6AF4B5D28579}.Ad-Hoc|Any CPU.Build.0 = Debug|Any CPU
		{2616C596-4868-4ED0-8214-6AF4B5D28579}.Ad-Hoc|ARM.ActiveCfg = Debug|Any CPU
		{2616C596-4868-4ED0-8214-6AF4B5D28579}.Ad-Hoc|ARM.Build.0 = Debug|Any CPU
		{2616C596-4868-4ED0-8214-6AF4B5D28579}.Ad-Hoc|ARM64.ActiveCfg = Debug|Any CPU
		{2616C596-4868-4ED0-8214-6AF4B5D28579}.Ad-Hoc|ARM64.Build.0 = Debug|Any CPU
		{2616C596-4868-4ED0-8214-6AF4B5D28579}.Ad-Hoc|iPhone.ActiveCfg = Debug|Any CPU
		{2616C596-4868-4ED0-8214-6AF4B5D28579}.Ad-Hoc|iPhone.Build.0 = Debug|Any CPU
		{2616C596-4868-4ED0-8214-6AF4B5D28579}.Ad-Hoc|iPhoneSimulator.ActiveCfg = Debug|Any CPU
		{2616C596-4868-4ED0-8214-6AF4B5D28579}.Ad-Hoc|iPhoneSimulator.Build.0 = Debug|Any CPU
		{2616C596-4868-4ED0-8214-6AF4B5D28579}.Ad-Hoc|x64.ActiveCfg = Debug|Any CPU
		{2616C596-4868-4ED0-8214-6AF4B5D28579}.Ad-Hoc|x64.Build.0 = Debug|Any CPU
		{2616C596-4868-4ED0-8214-6AF4B5D28579}.Ad-Hoc|x86.ActiveCfg = Debug|Any CPU
		{2616C596-4868-4ED0-8214-6AF4B5D28579}.Ad-Hoc|x86.Build.0 = Debug|Any CPU
		{2616C596-4868-4ED0-8214-6AF4B5D28579}.AppStore|Any CPU.ActiveCfg = Debug|Any CPU
		{2616C596-4868-4ED0-8214-6AF4B5D28579}.AppStore|Any CPU.Build.0 = Debug|Any CPU
		{2616C596-4868-4ED0-8214-6AF4B5D28579}.AppStore|ARM.ActiveCfg = Debug|Any CPU
		{2616C596-4868-4ED0-8214-6AF4B5D28579}.AppStore|ARM.Build.0 = Debug|Any CPU
		{2616C596-4868-4ED0-8214-6AF4B5D28579}.AppStore|ARM64.ActiveCfg = Debug|Any CPU
		{2616C596-4868-4ED0-8214-6AF4B5D28579}.AppStore|ARM64.Build.0 = Debug|Any CPU
		{2616C596-4868-4ED0-8214-6AF4B5D28579}.AppStore|iPhone.ActiveCfg = Debug|Any CPU
		{2616C596-4868-4ED0-8214-6AF4B5D28579}.AppStore|iPhone.Build.0 = Debug|Any CPU
		{2616C596-4868-4ED0-8214-6AF4B5D28579}.AppStore|iPhoneSimulator.ActiveCfg = Debug|Any CPU
		{2616C596-4868-4ED0-8214-6AF4B5D28579}.AppStore|iPhoneSimulator.Build.0 = Debug|Any CPU
		{2616C596-4868-4ED0-8214-6AF4B5D28579}.AppStore|x64.ActiveCfg = Debug|Any CPU
		{2616C596-4868-4ED0-8214-6AF4B5D28579}.AppStore|x64.Build.0 = Debug|Any CPU
		{2616C596-4868-4ED0-8214-6AF4B5D28579}.AppStore|x86.ActiveCfg = Debug|Any CPU
		{2616C596-4868-4ED0-8214-6AF4B5D28579}.AppStore|x86.Build.0 = Debug|Any CPU
		{2616C596-4868-4ED0-8214-6AF4B5D28579}.Debug|Any CPU.ActiveCfg = Debug|Any CPU
		{2616C596-4868-4ED0-8214-6AF4B5D28579}.Debug|Any CPU.Build.0 = Debug|Any CPU
		{2616C596-4868-4ED0-8214-6AF4B5D28579}.Debug|ARM.ActiveCfg = Debug|Any CPU
		{2616C596-4868-4ED0-8214-6AF4B5D28579}.Debug|ARM.Build.0 = Debug|Any CPU
		{2616C596-4868-4ED0-8214-6AF4B5D28579}.Debug|ARM64.ActiveCfg = Debug|Any CPU
		{2616C596-4868-4ED0-8214-6AF4B5D28579}.Debug|ARM64.Build.0 = Debug|Any CPU
		{2616C596-4868-4ED0-8214-6AF4B5D28579}.Debug|iPhone.ActiveCfg = Debug|Any CPU
		{2616C596-4868-4ED0-8214-6AF4B5D28579}.Debug|iPhone.Build.0 = Debug|Any CPU
		{2616C596-4868-4ED0-8214-6AF4B5D28579}.Debug|iPhoneSimulator.ActiveCfg = Debug|Any CPU
		{2616C596-4868-4ED0-8214-6AF4B5D28579}.Debug|iPhoneSimulator.Build.0 = Debug|Any CPU
		{2616C596-4868-4ED0-8214-6AF4B5D28579}.Debug|x64.ActiveCfg = Debug|Any CPU
		{2616C596-4868-4ED0-8214-6AF4B5D28579}.Debug|x64.Build.0 = Debug|Any CPU
		{2616C596-4868-4ED0-8214-6AF4B5D28579}.Debug|x86.ActiveCfg = Debug|Any CPU
		{2616C596-4868-4ED0-8214-6AF4B5D28579}.Debug|x86.Build.0 = Debug|Any CPU
		{2616C596-4868-4ED0-8214-6AF4B5D28579}.Release|Any CPU.ActiveCfg = Release|Any CPU
		{2616C596-4868-4ED0-8214-6AF4B5D28579}.Release|Any CPU.Build.0 = Release|Any CPU
		{2616C596-4868-4ED0-8214-6AF4B5D28579}.Release|ARM.ActiveCfg = Release|Any CPU
		{2616C596-4868-4ED0-8214-6AF4B5D28579}.Release|ARM.Build.0 = Release|Any CPU
		{2616C596-4868-4ED0-8214-6AF4B5D28579}.Release|ARM64.ActiveCfg = Release|Any CPU
		{2616C596-4868-4ED0-8214-6AF4B5D28579}.Release|ARM64.Build.0 = Release|Any CPU
		{2616C596-4868-4ED0-8214-6AF4B5D28579}.Release|iPhone.ActiveCfg = Release|Any CPU
		{2616C596-4868-4ED0-8214-6AF4B5D28579}.Release|iPhone.Build.0 = Release|Any CPU
		{2616C596-4868-4ED0-8214-6AF4B5D28579}.Release|iPhoneSimulator.ActiveCfg = Release|Any CPU
		{2616C596-4868-4ED0-8214-6AF4B5D28579}.Release|iPhoneSimulator.Build.0 = Release|Any CPU
		{2616C596-4868-4ED0-8214-6AF4B5D28579}.Release|x64.ActiveCfg = Release|Any CPU
		{2616C596-4868-4ED0-8214-6AF4B5D28579}.Release|x64.Build.0 = Release|Any CPU
		{2616C596-4868-4ED0-8214-6AF4B5D28579}.Release|x86.ActiveCfg = Release|Any CPU
		{2616C596-4868-4ED0-8214-6AF4B5D28579}.Release|x86.Build.0 = Release|Any CPU
		{8D8884A8-630B-44D4-B7E0-2F3E929C2269}.Ad-Hoc|Any CPU.ActiveCfg = Debug|iPhoneSimulator
		{8D8884A8-630B-44D4-B7E0-2F3E929C2269}.Ad-Hoc|Any CPU.Build.0 = Debug|iPhoneSimulator
		{8D8884A8-630B-44D4-B7E0-2F3E929C2269}.Ad-Hoc|ARM.ActiveCfg = Debug|iPhoneSimulator
		{8D8884A8-630B-44D4-B7E0-2F3E929C2269}.Ad-Hoc|ARM.Build.0 = Debug|iPhoneSimulator
		{8D8884A8-630B-44D4-B7E0-2F3E929C2269}.Ad-Hoc|ARM64.ActiveCfg = Debug|iPhoneSimulator
		{8D8884A8-630B-44D4-B7E0-2F3E929C2269}.Ad-Hoc|ARM64.Build.0 = Debug|iPhoneSimulator
		{8D8884A8-630B-44D4-B7E0-2F3E929C2269}.Ad-Hoc|iPhone.ActiveCfg = Debug|iPhoneSimulator
		{8D8884A8-630B-44D4-B7E0-2F3E929C2269}.Ad-Hoc|iPhone.Build.0 = Debug|iPhoneSimulator
		{8D8884A8-630B-44D4-B7E0-2F3E929C2269}.Ad-Hoc|iPhoneSimulator.ActiveCfg = Debug|iPhoneSimulator
		{8D8884A8-630B-44D4-B7E0-2F3E929C2269}.Ad-Hoc|iPhoneSimulator.Build.0 = Debug|iPhoneSimulator
		{8D8884A8-630B-44D4-B7E0-2F3E929C2269}.Ad-Hoc|x64.ActiveCfg = Debug|iPhoneSimulator
		{8D8884A8-630B-44D4-B7E0-2F3E929C2269}.Ad-Hoc|x64.Build.0 = Debug|iPhoneSimulator
		{8D8884A8-630B-44D4-B7E0-2F3E929C2269}.Ad-Hoc|x86.ActiveCfg = Debug|iPhoneSimulator
		{8D8884A8-630B-44D4-B7E0-2F3E929C2269}.Ad-Hoc|x86.Build.0 = Debug|iPhoneSimulator
		{8D8884A8-630B-44D4-B7E0-2F3E929C2269}.AppStore|Any CPU.ActiveCfg = Debug|iPhoneSimulator
		{8D8884A8-630B-44D4-B7E0-2F3E929C2269}.AppStore|Any CPU.Build.0 = Debug|iPhoneSimulator
		{8D8884A8-630B-44D4-B7E0-2F3E929C2269}.AppStore|ARM.ActiveCfg = Debug|iPhoneSimulator
		{8D8884A8-630B-44D4-B7E0-2F3E929C2269}.AppStore|ARM.Build.0 = Debug|iPhoneSimulator
		{8D8884A8-630B-44D4-B7E0-2F3E929C2269}.AppStore|ARM64.ActiveCfg = Debug|iPhoneSimulator
		{8D8884A8-630B-44D4-B7E0-2F3E929C2269}.AppStore|ARM64.Build.0 = Debug|iPhoneSimulator
		{8D8884A8-630B-44D4-B7E0-2F3E929C2269}.AppStore|iPhone.ActiveCfg = Debug|iPhoneSimulator
		{8D8884A8-630B-44D4-B7E0-2F3E929C2269}.AppStore|iPhone.Build.0 = Debug|iPhoneSimulator
		{8D8884A8-630B-44D4-B7E0-2F3E929C2269}.AppStore|iPhoneSimulator.ActiveCfg = Debug|iPhoneSimulator
		{8D8884A8-630B-44D4-B7E0-2F3E929C2269}.AppStore|iPhoneSimulator.Build.0 = Debug|iPhoneSimulator
		{8D8884A8-630B-44D4-B7E0-2F3E929C2269}.AppStore|x64.ActiveCfg = Debug|iPhoneSimulator
		{8D8884A8-630B-44D4-B7E0-2F3E929C2269}.AppStore|x64.Build.0 = Debug|iPhoneSimulator
		{8D8884A8-630B-44D4-B7E0-2F3E929C2269}.AppStore|x86.ActiveCfg = Debug|iPhoneSimulator
		{8D8884A8-630B-44D4-B7E0-2F3E929C2269}.AppStore|x86.Build.0 = Debug|iPhoneSimulator
		{8D8884A8-630B-44D4-B7E0-2F3E929C2269}.Debug|Any CPU.ActiveCfg = Debug|iPhoneSimulator
		{8D8884A8-630B-44D4-B7E0-2F3E929C2269}.Debug|ARM.ActiveCfg = Debug|iPhoneSimulator
		{8D8884A8-630B-44D4-B7E0-2F3E929C2269}.Debug|ARM64.ActiveCfg = Debug|iPhoneSimulator
		{8D8884A8-630B-44D4-B7E0-2F3E929C2269}.Debug|iPhone.ActiveCfg = Debug|iPhoneSimulator
		{8D8884A8-630B-44D4-B7E0-2F3E929C2269}.Debug|iPhoneSimulator.ActiveCfg = Debug|iPhoneSimulator
		{8D8884A8-630B-44D4-B7E0-2F3E929C2269}.Debug|iPhoneSimulator.Build.0 = Debug|iPhoneSimulator
		{8D8884A8-630B-44D4-B7E0-2F3E929C2269}.Debug|x64.ActiveCfg = Debug|iPhoneSimulator
		{8D8884A8-630B-44D4-B7E0-2F3E929C2269}.Debug|x86.ActiveCfg = Debug|iPhoneSimulator
		{8D8884A8-630B-44D4-B7E0-2F3E929C2269}.Release|Any CPU.ActiveCfg = Release|iPhoneSimulator
		{8D8884A8-630B-44D4-B7E0-2F3E929C2269}.Release|ARM.ActiveCfg = Release|iPhoneSimulator
		{8D8884A8-630B-44D4-B7E0-2F3E929C2269}.Release|ARM64.ActiveCfg = Release|iPhoneSimulator
		{8D8884A8-630B-44D4-B7E0-2F3E929C2269}.Release|iPhone.ActiveCfg = Release|iPhoneSimulator
		{8D8884A8-630B-44D4-B7E0-2F3E929C2269}.Release|iPhoneSimulator.ActiveCfg = Release|iPhoneSimulator
		{8D8884A8-630B-44D4-B7E0-2F3E929C2269}.Release|iPhoneSimulator.Build.0 = Release|iPhoneSimulator
		{8D8884A8-630B-44D4-B7E0-2F3E929C2269}.Release|x64.ActiveCfg = Release|iPhoneSimulator
		{8D8884A8-630B-44D4-B7E0-2F3E929C2269}.Release|x86.ActiveCfg = Release|iPhoneSimulator
		{C603A5CB-F077-448B-9DC4-047CA40C6838}.Ad-Hoc|Any CPU.ActiveCfg = Debug|Any CPU
		{C603A5CB-F077-448B-9DC4-047CA40C6838}.Ad-Hoc|Any CPU.Build.0 = Debug|Any CPU
		{C603A5CB-F077-448B-9DC4-047CA40C6838}.Ad-Hoc|ARM.ActiveCfg = Debug|Any CPU
		{C603A5CB-F077-448B-9DC4-047CA40C6838}.Ad-Hoc|ARM.Build.0 = Debug|Any CPU
		{C603A5CB-F077-448B-9DC4-047CA40C6838}.Ad-Hoc|ARM64.ActiveCfg = Debug|Any CPU
		{C603A5CB-F077-448B-9DC4-047CA40C6838}.Ad-Hoc|ARM64.Build.0 = Debug|Any CPU
		{C603A5CB-F077-448B-9DC4-047CA40C6838}.Ad-Hoc|iPhone.ActiveCfg = Debug|Any CPU
		{C603A5CB-F077-448B-9DC4-047CA40C6838}.Ad-Hoc|iPhone.Build.0 = Debug|Any CPU
		{C603A5CB-F077-448B-9DC4-047CA40C6838}.Ad-Hoc|iPhoneSimulator.ActiveCfg = Debug|Any CPU
		{C603A5CB-F077-448B-9DC4-047CA40C6838}.Ad-Hoc|iPhoneSimulator.Build.0 = Debug|Any CPU
		{C603A5CB-F077-448B-9DC4-047CA40C6838}.Ad-Hoc|x64.ActiveCfg = Debug|Any CPU
		{C603A5CB-F077-448B-9DC4-047CA40C6838}.Ad-Hoc|x64.Build.0 = Debug|Any CPU
		{C603A5CB-F077-448B-9DC4-047CA40C6838}.Ad-Hoc|x86.ActiveCfg = Debug|Any CPU
		{C603A5CB-F077-448B-9DC4-047CA40C6838}.Ad-Hoc|x86.Build.0 = Debug|Any CPU
		{C603A5CB-F077-448B-9DC4-047CA40C6838}.AppStore|Any CPU.ActiveCfg = Debug|Any CPU
		{C603A5CB-F077-448B-9DC4-047CA40C6838}.AppStore|Any CPU.Build.0 = Debug|Any CPU
		{C603A5CB-F077-448B-9DC4-047CA40C6838}.AppStore|ARM.ActiveCfg = Debug|Any CPU
		{C603A5CB-F077-448B-9DC4-047CA40C6838}.AppStore|ARM.Build.0 = Debug|Any CPU
		{C603A5CB-F077-448B-9DC4-047CA40C6838}.AppStore|ARM64.ActiveCfg = Debug|Any CPU
		{C603A5CB-F077-448B-9DC4-047CA40C6838}.AppStore|ARM64.Build.0 = Debug|Any CPU
		{C603A5CB-F077-448B-9DC4-047CA40C6838}.AppStore|iPhone.ActiveCfg = Debug|Any CPU
		{C603A5CB-F077-448B-9DC4-047CA40C6838}.AppStore|iPhone.Build.0 = Debug|Any CPU
		{C603A5CB-F077-448B-9DC4-047CA40C6838}.AppStore|iPhoneSimulator.ActiveCfg = Debug|Any CPU
		{C603A5CB-F077-448B-9DC4-047CA40C6838}.AppStore|iPhoneSimulator.Build.0 = Debug|Any CPU
		{C603A5CB-F077-448B-9DC4-047CA40C6838}.AppStore|x64.ActiveCfg = Debug|Any CPU
		{C603A5CB-F077-448B-9DC4-047CA40C6838}.AppStore|x64.Build.0 = Debug|Any CPU
		{C603A5CB-F077-448B-9DC4-047CA40C6838}.AppStore|x86.ActiveCfg = Debug|Any CPU
		{C603A5CB-F077-448B-9DC4-047CA40C6838}.AppStore|x86.Build.0 = Debug|Any CPU
		{C603A5CB-F077-448B-9DC4-047CA40C6838}.Debug|Any CPU.ActiveCfg = Debug|Any CPU
		{C603A5CB-F077-448B-9DC4-047CA40C6838}.Debug|Any CPU.Build.0 = Debug|Any CPU
		{C603A5CB-F077-448B-9DC4-047CA40C6838}.Debug|ARM.ActiveCfg = Debug|Any CPU
		{C603A5CB-F077-448B-9DC4-047CA40C6838}.Debug|ARM.Build.0 = Debug|Any CPU
		{C603A5CB-F077-448B-9DC4-047CA40C6838}.Debug|ARM64.ActiveCfg = Debug|Any CPU
		{C603A5CB-F077-448B-9DC4-047CA40C6838}.Debug|ARM64.Build.0 = Debug|Any CPU
		{C603A5CB-F077-448B-9DC4-047CA40C6838}.Debug|iPhone.ActiveCfg = Debug|Any CPU
		{C603A5CB-F077-448B-9DC4-047CA40C6838}.Debug|iPhone.Build.0 = Debug|Any CPU
		{C603A5CB-F077-448B-9DC4-047CA40C6838}.Debug|iPhoneSimulator.ActiveCfg = Debug|Any CPU
		{C603A5CB-F077-448B-9DC4-047CA40C6838}.Debug|iPhoneSimulator.Build.0 = Debug|Any CPU
		{C603A5CB-F077-448B-9DC4-047CA40C6838}.Debug|x64.ActiveCfg = Debug|Any CPU
		{C603A5CB-F077-448B-9DC4-047CA40C6838}.Debug|x64.Build.0 = Debug|Any CPU
		{C603A5CB-F077-448B-9DC4-047CA40C6838}.Debug|x86.ActiveCfg = Debug|Any CPU
		{C603A5CB-F077-448B-9DC4-047CA40C6838}.Debug|x86.Build.0 = Debug|Any CPU
		{C603A5CB-F077-448B-9DC4-047CA40C6838}.Release|Any CPU.ActiveCfg = Release|Any CPU
		{C603A5CB-F077-448B-9DC4-047CA40C6838}.Release|Any CPU.Build.0 = Release|Any CPU
		{C603A5CB-F077-448B-9DC4-047CA40C6838}.Release|ARM.ActiveCfg = Release|Any CPU
		{C603A5CB-F077-448B-9DC4-047CA40C6838}.Release|ARM.Build.0 = Release|Any CPU
		{C603A5CB-F077-448B-9DC4-047CA40C6838}.Release|ARM64.ActiveCfg = Release|Any CPU
		{C603A5CB-F077-448B-9DC4-047CA40C6838}.Release|ARM64.Build.0 = Release|Any CPU
		{C603A5CB-F077-448B-9DC4-047CA40C6838}.Release|iPhone.ActiveCfg = Release|Any CPU
		{C603A5CB-F077-448B-9DC4-047CA40C6838}.Release|iPhone.Build.0 = Release|Any CPU
		{C603A5CB-F077-448B-9DC4-047CA40C6838}.Release|iPhoneSimulator.ActiveCfg = Release|Any CPU
		{C603A5CB-F077-448B-9DC4-047CA40C6838}.Release|iPhoneSimulator.Build.0 = Release|Any CPU
		{C603A5CB-F077-448B-9DC4-047CA40C6838}.Release|x64.ActiveCfg = Release|Any CPU
		{C603A5CB-F077-448B-9DC4-047CA40C6838}.Release|x64.Build.0 = Release|Any CPU
		{C603A5CB-F077-448B-9DC4-047CA40C6838}.Release|x86.ActiveCfg = Release|Any CPU
		{C603A5CB-F077-448B-9DC4-047CA40C6838}.Release|x86.Build.0 = Release|Any CPU
		{7ABDAC55-7991-456D-BA4C-3217F8A876AE}.Ad-Hoc|Any CPU.ActiveCfg = Debug|Any CPU
		{7ABDAC55-7991-456D-BA4C-3217F8A876AE}.Ad-Hoc|Any CPU.Build.0 = Debug|Any CPU
		{7ABDAC55-7991-456D-BA4C-3217F8A876AE}.Ad-Hoc|ARM.ActiveCfg = Debug|Any CPU
		{7ABDAC55-7991-456D-BA4C-3217F8A876AE}.Ad-Hoc|ARM.Build.0 = Debug|Any CPU
		{7ABDAC55-7991-456D-BA4C-3217F8A876AE}.Ad-Hoc|ARM64.ActiveCfg = Debug|Any CPU
		{7ABDAC55-7991-456D-BA4C-3217F8A876AE}.Ad-Hoc|ARM64.Build.0 = Debug|Any CPU
		{7ABDAC55-7991-456D-BA4C-3217F8A876AE}.Ad-Hoc|iPhone.ActiveCfg = Debug|Any CPU
		{7ABDAC55-7991-456D-BA4C-3217F8A876AE}.Ad-Hoc|iPhone.Build.0 = Debug|Any CPU
		{7ABDAC55-7991-456D-BA4C-3217F8A876AE}.Ad-Hoc|iPhoneSimulator.ActiveCfg = Debug|Any CPU
		{7ABDAC55-7991-456D-BA4C-3217F8A876AE}.Ad-Hoc|iPhoneSimulator.Build.0 = Debug|Any CPU
		{7ABDAC55-7991-456D-BA4C-3217F8A876AE}.Ad-Hoc|x64.ActiveCfg = Debug|Any CPU
		{7ABDAC55-7991-456D-BA4C-3217F8A876AE}.Ad-Hoc|x64.Build.0 = Debug|Any CPU
		{7ABDAC55-7991-456D-BA4C-3217F8A876AE}.Ad-Hoc|x86.ActiveCfg = Debug|Any CPU
		{7ABDAC55-7991-456D-BA4C-3217F8A876AE}.Ad-Hoc|x86.Build.0 = Debug|Any CPU
		{7ABDAC55-7991-456D-BA4C-3217F8A876AE}.AppStore|Any CPU.ActiveCfg = Debug|Any CPU
		{7ABDAC55-7991-456D-BA4C-3217F8A876AE}.AppStore|Any CPU.Build.0 = Debug|Any CPU
		{7ABDAC55-7991-456D-BA4C-3217F8A876AE}.AppStore|ARM.ActiveCfg = Debug|Any CPU
		{7ABDAC55-7991-456D-BA4C-3217F8A876AE}.AppStore|ARM.Build.0 = Debug|Any CPU
		{7ABDAC55-7991-456D-BA4C-3217F8A876AE}.AppStore|ARM64.ActiveCfg = Debug|Any CPU
		{7ABDAC55-7991-456D-BA4C-3217F8A876AE}.AppStore|ARM64.Build.0 = Debug|Any CPU
		{7ABDAC55-7991-456D-BA4C-3217F8A876AE}.AppStore|iPhone.ActiveCfg = Debug|Any CPU
		{7ABDAC55-7991-456D-BA4C-3217F8A876AE}.AppStore|iPhone.Build.0 = Debug|Any CPU
		{7ABDAC55-7991-456D-BA4C-3217F8A876AE}.AppStore|iPhoneSimulator.ActiveCfg = Debug|Any CPU
		{7ABDAC55-7991-456D-BA4C-3217F8A876AE}.AppStore|iPhoneSimulator.Build.0 = Debug|Any CPU
		{7ABDAC55-7991-456D-BA4C-3217F8A876AE}.AppStore|x64.ActiveCfg = Debug|Any CPU
		{7ABDAC55-7991-456D-BA4C-3217F8A876AE}.AppStore|x64.Build.0 = Debug|Any CPU
		{7ABDAC55-7991-456D-BA4C-3217F8A876AE}.AppStore|x86.ActiveCfg = Debug|Any CPU
		{7ABDAC55-7991-456D-BA4C-3217F8A876AE}.AppStore|x86.Build.0 = Debug|Any CPU
		{7ABDAC55-7991-456D-BA4C-3217F8A876AE}.Debug|Any CPU.ActiveCfg = Debug|Any CPU
		{7ABDAC55-7991-456D-BA4C-3217F8A876AE}.Debug|Any CPU.Build.0 = Debug|Any CPU
		{7ABDAC55-7991-456D-BA4C-3217F8A876AE}.Debug|ARM.ActiveCfg = Debug|Any CPU
		{7ABDAC55-7991-456D-BA4C-3217F8A876AE}.Debug|ARM.Build.0 = Debug|Any CPU
		{7ABDAC55-7991-456D-BA4C-3217F8A876AE}.Debug|ARM64.ActiveCfg = Debug|Any CPU
		{7ABDAC55-7991-456D-BA4C-3217F8A876AE}.Debug|ARM64.Build.0 = Debug|Any CPU
		{7ABDAC55-7991-456D-BA4C-3217F8A876AE}.Debug|iPhone.ActiveCfg = Debug|Any CPU
		{7ABDAC55-7991-456D-BA4C-3217F8A876AE}.Debug|iPhone.Build.0 = Debug|Any CPU
		{7ABDAC55-7991-456D-BA4C-3217F8A876AE}.Debug|iPhoneSimulator.ActiveCfg = Debug|Any CPU
		{7ABDAC55-7991-456D-BA4C-3217F8A876AE}.Debug|iPhoneSimulator.Build.0 = Debug|Any CPU
		{7ABDAC55-7991-456D-BA4C-3217F8A876AE}.Debug|x64.ActiveCfg = Debug|Any CPU
		{7ABDAC55-7991-456D-BA4C-3217F8A876AE}.Debug|x64.Build.0 = Debug|Any CPU
		{7ABDAC55-7991-456D-BA4C-3217F8A876AE}.Debug|x86.ActiveCfg = Debug|Any CPU
		{7ABDAC55-7991-456D-BA4C-3217F8A876AE}.Debug|x86.Build.0 = Debug|Any CPU
		{7ABDAC55-7991-456D-BA4C-3217F8A876AE}.Release|Any CPU.ActiveCfg = Release|Any CPU
		{7ABDAC55-7991-456D-BA4C-3217F8A876AE}.Release|Any CPU.Build.0 = Release|Any CPU
		{7ABDAC55-7991-456D-BA4C-3217F8A876AE}.Release|ARM.ActiveCfg = Release|Any CPU
		{7ABDAC55-7991-456D-BA4C-3217F8A876AE}.Release|ARM.Build.0 = Release|Any CPU
		{7ABDAC55-7991-456D-BA4C-3217F8A876AE}.Release|ARM64.ActiveCfg = Release|Any CPU
		{7ABDAC55-7991-456D-BA4C-3217F8A876AE}.Release|ARM64.Build.0 = Release|Any CPU
		{7ABDAC55-7991-456D-BA4C-3217F8A876AE}.Release|iPhone.ActiveCfg = Release|Any CPU
		{7ABDAC55-7991-456D-BA4C-3217F8A876AE}.Release|iPhone.Build.0 = Release|Any CPU
		{7ABDAC55-7991-456D-BA4C-3217F8A876AE}.Release|iPhoneSimulator.ActiveCfg = Release|Any CPU
		{7ABDAC55-7991-456D-BA4C-3217F8A876AE}.Release|iPhoneSimulator.Build.0 = Release|Any CPU
		{7ABDAC55-7991-456D-BA4C-3217F8A876AE}.Release|x64.ActiveCfg = Release|Any CPU
		{7ABDAC55-7991-456D-BA4C-3217F8A876AE}.Release|x64.Build.0 = Release|Any CPU
		{7ABDAC55-7991-456D-BA4C-3217F8A876AE}.Release|x86.ActiveCfg = Release|Any CPU
		{7ABDAC55-7991-456D-BA4C-3217F8A876AE}.Release|x86.Build.0 = Release|Any CPU
		{AB39D537-4F80-4AA1-A47E-5ECAEFFF263A}.Ad-Hoc|Any CPU.ActiveCfg = Debug|Any CPU
		{AB39D537-4F80-4AA1-A47E-5ECAEFFF263A}.Ad-Hoc|Any CPU.Build.0 = Debug|Any CPU
		{AB39D537-4F80-4AA1-A47E-5ECAEFFF263A}.Ad-Hoc|ARM.ActiveCfg = Debug|Any CPU
		{AB39D537-4F80-4AA1-A47E-5ECAEFFF263A}.Ad-Hoc|ARM.Build.0 = Debug|Any CPU
		{AB39D537-4F80-4AA1-A47E-5ECAEFFF263A}.Ad-Hoc|ARM64.ActiveCfg = Debug|Any CPU
		{AB39D537-4F80-4AA1-A47E-5ECAEFFF263A}.Ad-Hoc|ARM64.Build.0 = Debug|Any CPU
		{AB39D537-4F80-4AA1-A47E-5ECAEFFF263A}.Ad-Hoc|iPhone.ActiveCfg = Debug|Any CPU
		{AB39D537-4F80-4AA1-A47E-5ECAEFFF263A}.Ad-Hoc|iPhone.Build.0 = Debug|Any CPU
		{AB39D537-4F80-4AA1-A47E-5ECAEFFF263A}.Ad-Hoc|iPhoneSimulator.ActiveCfg = Debug|Any CPU
		{AB39D537-4F80-4AA1-A47E-5ECAEFFF263A}.Ad-Hoc|iPhoneSimulator.Build.0 = Debug|Any CPU
		{AB39D537-4F80-4AA1-A47E-5ECAEFFF263A}.Ad-Hoc|x64.ActiveCfg = Debug|Any CPU
		{AB39D537-4F80-4AA1-A47E-5ECAEFFF263A}.Ad-Hoc|x64.Build.0 = Debug|Any CPU
		{AB39D537-4F80-4AA1-A47E-5ECAEFFF263A}.Ad-Hoc|x86.ActiveCfg = Debug|Any CPU
		{AB39D537-4F80-4AA1-A47E-5ECAEFFF263A}.Ad-Hoc|x86.Build.0 = Debug|Any CPU
		{AB39D537-4F80-4AA1-A47E-5ECAEFFF263A}.AppStore|Any CPU.ActiveCfg = Debug|Any CPU
		{AB39D537-4F80-4AA1-A47E-5ECAEFFF263A}.AppStore|Any CPU.Build.0 = Debug|Any CPU
		{AB39D537-4F80-4AA1-A47E-5ECAEFFF263A}.AppStore|ARM.ActiveCfg = Debug|Any CPU
		{AB39D537-4F80-4AA1-A47E-5ECAEFFF263A}.AppStore|ARM.Build.0 = Debug|Any CPU
		{AB39D537-4F80-4AA1-A47E-5ECAEFFF263A}.AppStore|ARM64.ActiveCfg = Debug|Any CPU
		{AB39D537-4F80-4AA1-A47E-5ECAEFFF263A}.AppStore|ARM64.Build.0 = Debug|Any CPU
		{AB39D537-4F80-4AA1-A47E-5ECAEFFF263A}.AppStore|iPhone.ActiveCfg = Debug|Any CPU
		{AB39D537-4F80-4AA1-A47E-5ECAEFFF263A}.AppStore|iPhone.Build.0 = Debug|Any CPU
		{AB39D537-4F80-4AA1-A47E-5ECAEFFF263A}.AppStore|iPhoneSimulator.ActiveCfg = Debug|Any CPU
		{AB39D537-4F80-4AA1-A47E-5ECAEFFF263A}.AppStore|iPhoneSimulator.Build.0 = Debug|Any CPU
		{AB39D537-4F80-4AA1-A47E-5ECAEFFF263A}.AppStore|x64.ActiveCfg = Debug|Any CPU
		{AB39D537-4F80-4AA1-A47E-5ECAEFFF263A}.AppStore|x64.Build.0 = Debug|Any CPU
		{AB39D537-4F80-4AA1-A47E-5ECAEFFF263A}.AppStore|x86.ActiveCfg = Debug|Any CPU
		{AB39D537-4F80-4AA1-A47E-5ECAEFFF263A}.AppStore|x86.Build.0 = Debug|Any CPU
		{AB39D537-4F80-4AA1-A47E-5ECAEFFF263A}.Debug|Any CPU.ActiveCfg = Debug|Any CPU
		{AB39D537-4F80-4AA1-A47E-5ECAEFFF263A}.Debug|Any CPU.Build.0 = Debug|Any CPU
		{AB39D537-4F80-4AA1-A47E-5ECAEFFF263A}.Debug|ARM.ActiveCfg = Debug|Any CPU
		{AB39D537-4F80-4AA1-A47E-5ECAEFFF263A}.Debug|ARM.Build.0 = Debug|Any CPU
		{AB39D537-4F80-4AA1-A47E-5ECAEFFF263A}.Debug|ARM64.ActiveCfg = Debug|Any CPU
		{AB39D537-4F80-4AA1-A47E-5ECAEFFF263A}.Debug|ARM64.Build.0 = Debug|Any CPU
		{AB39D537-4F80-4AA1-A47E-5ECAEFFF263A}.Debug|iPhone.ActiveCfg = Debug|Any CPU
		{AB39D537-4F80-4AA1-A47E-5ECAEFFF263A}.Debug|iPhone.Build.0 = Debug|Any CPU
		{AB39D537-4F80-4AA1-A47E-5ECAEFFF263A}.Debug|iPhoneSimulator.ActiveCfg = Debug|Any CPU
		{AB39D537-4F80-4AA1-A47E-5ECAEFFF263A}.Debug|iPhoneSimulator.Build.0 = Debug|Any CPU
		{AB39D537-4F80-4AA1-A47E-5ECAEFFF263A}.Debug|x64.ActiveCfg = Debug|Any CPU
		{AB39D537-4F80-4AA1-A47E-5ECAEFFF263A}.Debug|x64.Build.0 = Debug|Any CPU
		{AB39D537-4F80-4AA1-A47E-5ECAEFFF263A}.Debug|x86.ActiveCfg = Debug|Any CPU
		{AB39D537-4F80-4AA1-A47E-5ECAEFFF263A}.Debug|x86.Build.0 = Debug|Any CPU
		{AB39D537-4F80-4AA1-A47E-5ECAEFFF263A}.Release|Any CPU.ActiveCfg = Release|Any CPU
		{AB39D537-4F80-4AA1-A47E-5ECAEFFF263A}.Release|Any CPU.Build.0 = Release|Any CPU
		{AB39D537-4F80-4AA1-A47E-5ECAEFFF263A}.Release|ARM.ActiveCfg = Release|Any CPU
		{AB39D537-4F80-4AA1-A47E-5ECAEFFF263A}.Release|ARM.Build.0 = Release|Any CPU
		{AB39D537-4F80-4AA1-A47E-5ECAEFFF263A}.Release|ARM64.ActiveCfg = Release|Any CPU
		{AB39D537-4F80-4AA1-A47E-5ECAEFFF263A}.Release|ARM64.Build.0 = Release|Any CPU
		{AB39D537-4F80-4AA1-A47E-5ECAEFFF263A}.Release|iPhone.ActiveCfg = Release|Any CPU
		{AB39D537-4F80-4AA1-A47E-5ECAEFFF263A}.Release|iPhone.Build.0 = Release|Any CPU
		{AB39D537-4F80-4AA1-A47E-5ECAEFFF263A}.Release|iPhoneSimulator.ActiveCfg = Release|Any CPU
		{AB39D537-4F80-4AA1-A47E-5ECAEFFF263A}.Release|iPhoneSimulator.Build.0 = Release|Any CPU
		{AB39D537-4F80-4AA1-A47E-5ECAEFFF263A}.Release|x64.ActiveCfg = Release|Any CPU
		{AB39D537-4F80-4AA1-A47E-5ECAEFFF263A}.Release|x64.Build.0 = Release|Any CPU
		{AB39D537-4F80-4AA1-A47E-5ECAEFFF263A}.Release|x86.ActiveCfg = Release|Any CPU
		{AB39D537-4F80-4AA1-A47E-5ECAEFFF263A}.Release|x86.Build.0 = Release|Any CPU
		{844530A1-775A-4EFD-B88D-F661027AB740}.Ad-Hoc|Any CPU.ActiveCfg = Debug|Any CPU
		{844530A1-775A-4EFD-B88D-F661027AB740}.Ad-Hoc|Any CPU.Build.0 = Debug|Any CPU
		{844530A1-775A-4EFD-B88D-F661027AB740}.Ad-Hoc|ARM.ActiveCfg = Debug|Any CPU
		{844530A1-775A-4EFD-B88D-F661027AB740}.Ad-Hoc|ARM.Build.0 = Debug|Any CPU
		{844530A1-775A-4EFD-B88D-F661027AB740}.Ad-Hoc|ARM64.ActiveCfg = Debug|Any CPU
		{844530A1-775A-4EFD-B88D-F661027AB740}.Ad-Hoc|ARM64.Build.0 = Debug|Any CPU
		{844530A1-775A-4EFD-B88D-F661027AB740}.Ad-Hoc|iPhone.ActiveCfg = Debug|Any CPU
		{844530A1-775A-4EFD-B88D-F661027AB740}.Ad-Hoc|iPhone.Build.0 = Debug|Any CPU
		{844530A1-775A-4EFD-B88D-F661027AB740}.Ad-Hoc|iPhoneSimulator.ActiveCfg = Debug|Any CPU
		{844530A1-775A-4EFD-B88D-F661027AB740}.Ad-Hoc|iPhoneSimulator.Build.0 = Debug|Any CPU
		{844530A1-775A-4EFD-B88D-F661027AB740}.Ad-Hoc|x64.ActiveCfg = Debug|Any CPU
		{844530A1-775A-4EFD-B88D-F661027AB740}.Ad-Hoc|x64.Build.0 = Debug|Any CPU
		{844530A1-775A-4EFD-B88D-F661027AB740}.Ad-Hoc|x86.ActiveCfg = Debug|Any CPU
		{844530A1-775A-4EFD-B88D-F661027AB740}.Ad-Hoc|x86.Build.0 = Debug|Any CPU
		{844530A1-775A-4EFD-B88D-F661027AB740}.AppStore|Any CPU.ActiveCfg = Debug|Any CPU
		{844530A1-775A-4EFD-B88D-F661027AB740}.AppStore|Any CPU.Build.0 = Debug|Any CPU
		{844530A1-775A-4EFD-B88D-F661027AB740}.AppStore|ARM.ActiveCfg = Debug|Any CPU
		{844530A1-775A-4EFD-B88D-F661027AB740}.AppStore|ARM.Build.0 = Debug|Any CPU
		{844530A1-775A-4EFD-B88D-F661027AB740}.AppStore|ARM64.ActiveCfg = Debug|Any CPU
		{844530A1-775A-4EFD-B88D-F661027AB740}.AppStore|ARM64.Build.0 = Debug|Any CPU
		{844530A1-775A-4EFD-B88D-F661027AB740}.AppStore|iPhone.ActiveCfg = Debug|Any CPU
		{844530A1-775A-4EFD-B88D-F661027AB740}.AppStore|iPhone.Build.0 = Debug|Any CPU
		{844530A1-775A-4EFD-B88D-F661027AB740}.AppStore|iPhoneSimulator.ActiveCfg = Debug|Any CPU
		{844530A1-775A-4EFD-B88D-F661027AB740}.AppStore|iPhoneSimulator.Build.0 = Debug|Any CPU
		{844530A1-775A-4EFD-B88D-F661027AB740}.AppStore|x64.ActiveCfg = Debug|Any CPU
		{844530A1-775A-4EFD-B88D-F661027AB740}.AppStore|x64.Build.0 = Debug|Any CPU
		{844530A1-775A-4EFD-B88D-F661027AB740}.AppStore|x86.ActiveCfg = Debug|Any CPU
		{844530A1-775A-4EFD-B88D-F661027AB740}.AppStore|x86.Build.0 = Debug|Any CPU
		{844530A1-775A-4EFD-B88D-F661027AB740}.Debug|Any CPU.ActiveCfg = Debug|Any CPU
		{844530A1-775A-4EFD-B88D-F661027AB740}.Debug|Any CPU.Build.0 = Debug|Any CPU
		{844530A1-775A-4EFD-B88D-F661027AB740}.Debug|ARM.ActiveCfg = Debug|Any CPU
		{844530A1-775A-4EFD-B88D-F661027AB740}.Debug|ARM.Build.0 = Debug|Any CPU
		{844530A1-775A-4EFD-B88D-F661027AB740}.Debug|ARM64.ActiveCfg = Debug|Any CPU
		{844530A1-775A-4EFD-B88D-F661027AB740}.Debug|ARM64.Build.0 = Debug|Any CPU
		{844530A1-775A-4EFD-B88D-F661027AB740}.Debug|iPhone.ActiveCfg = Debug|Any CPU
		{844530A1-775A-4EFD-B88D-F661027AB740}.Debug|iPhone.Build.0 = Debug|Any CPU
		{844530A1-775A-4EFD-B88D-F661027AB740}.Debug|iPhoneSimulator.ActiveCfg = Debug|Any CPU
		{844530A1-775A-4EFD-B88D-F661027AB740}.Debug|iPhoneSimulator.Build.0 = Debug|Any CPU
		{844530A1-775A-4EFD-B88D-F661027AB740}.Debug|x64.ActiveCfg = Debug|Any CPU
		{844530A1-775A-4EFD-B88D-F661027AB740}.Debug|x64.Build.0 = Debug|Any CPU
		{844530A1-775A-4EFD-B88D-F661027AB740}.Debug|x86.ActiveCfg = Debug|Any CPU
		{844530A1-775A-4EFD-B88D-F661027AB740}.Debug|x86.Build.0 = Debug|Any CPU
		{844530A1-775A-4EFD-B88D-F661027AB740}.Release|Any CPU.ActiveCfg = Release|Any CPU
		{844530A1-775A-4EFD-B88D-F661027AB740}.Release|Any CPU.Build.0 = Release|Any CPU
		{844530A1-775A-4EFD-B88D-F661027AB740}.Release|ARM.ActiveCfg = Release|Any CPU
		{844530A1-775A-4EFD-B88D-F661027AB740}.Release|ARM.Build.0 = Release|Any CPU
		{844530A1-775A-4EFD-B88D-F661027AB740}.Release|ARM64.ActiveCfg = Release|Any CPU
		{844530A1-775A-4EFD-B88D-F661027AB740}.Release|ARM64.Build.0 = Release|Any CPU
		{844530A1-775A-4EFD-B88D-F661027AB740}.Release|iPhone.ActiveCfg = Release|Any CPU
		{844530A1-775A-4EFD-B88D-F661027AB740}.Release|iPhone.Build.0 = Release|Any CPU
		{844530A1-775A-4EFD-B88D-F661027AB740}.Release|iPhoneSimulator.ActiveCfg = Release|Any CPU
		{844530A1-775A-4EFD-B88D-F661027AB740}.Release|iPhoneSimulator.Build.0 = Release|Any CPU
		{844530A1-775A-4EFD-B88D-F661027AB740}.Release|x64.ActiveCfg = Release|Any CPU
		{844530A1-775A-4EFD-B88D-F661027AB740}.Release|x64.Build.0 = Release|Any CPU
		{844530A1-775A-4EFD-B88D-F661027AB740}.Release|x86.ActiveCfg = Release|Any CPU
		{844530A1-775A-4EFD-B88D-F661027AB740}.Release|x86.Build.0 = Release|Any CPU
	EndGlobalSection
	GlobalSection(SolutionProperties) = preSolution
		HideSolutionNode = FALSE
	EndGlobalSection
	GlobalSection(NestedProjects) = preSolution
		{393B72D2-F5AA-4FEB-AF97-8DE6AD82917F} = {1232DF6A-8FA8-4E22-A911-33F6B8A2F9B4}
		{9B25750C-E5BD-44D0-82B0-F859FBFA0309} = {1232DF6A-8FA8-4E22-A911-33F6B8A2F9B4}
		{394F6496-3AE3-44EB-96F5-6C4651794946} = {1232DF6A-8FA8-4E22-A911-33F6B8A2F9B4}
		{2616C596-4868-4ED0-8214-6AF4B5D28579} = {1232DF6A-8FA8-4E22-A911-33F6B8A2F9B4}
		{8D8884A8-630B-44D4-B7E0-2F3E929C2269} = {1232DF6A-8FA8-4E22-A911-33F6B8A2F9B4}
		{C603A5CB-F077-448B-9DC4-047CA40C6838} = {1232DF6A-8FA8-4E22-A911-33F6B8A2F9B4}
		{7ABDAC55-7991-456D-BA4C-3217F8A876AE} = {1232DF6A-8FA8-4E22-A911-33F6B8A2F9B4}
		{AB39D537-4F80-4AA1-A47E-5ECAEFFF263A} = {1232DF6A-8FA8-4E22-A911-33F6B8A2F9B4}
		{844530A1-775A-4EFD-B88D-F661027AB740} = {1232DF6A-8FA8-4E22-A911-33F6B8A2F9B4}
	EndGlobalSection
	GlobalSection(ExtensibilityGlobals) = postSolution
		SolutionGuid = {0188CD42-B36F-4E20-8922-582C7F66E3E7}
	EndGlobalSection
EndGlobal
